{
  "nodes": {
    "anthropic-skills": {
      "flake": false,
      "locked": {
        "lastModified": 1774196161,
        "narHash": "sha256-QAy9ulbKaK5QWiGiXYsxav+bMhhmqU8pCS7P0fWxLlk=",
        "owner": "anthropics",
        "repo": "skills",
        "rev": "887114fd09f8f24a7e6c907f9ee505348498ab6a",
        "type": "github"
      },
      "original": {
        "owner": "anthropics",
        "repo": "skills",
        "type": "github"
      }
    },
    "nixpkgs": {
      "locked": {
        "lastModified": 1773840656,
        "narHash": "sha256-9tpvMGFteZnd3gRQZFlRCohVpqooygFuy9yjuyRL2C0=",
        "owner": "NixOS",
        "repo": "nixpkgs",
        "rev": "9cf7092bdd603554bd8b63c216e8943cf9b12512",
        "type": "github"
      },
      "original": {
        "owner": "NixOS",
        "ref": "nixpkgs-unstable",
        "repo": "nixpkgs",
        "type": "github"
      }
    },
    "root": {
      "inputs": {
        "anthropic-skills": "anthropic-skills",
        "nixpkgs": "nixpkgs"
      }
    }
  },
  "root": "root",
  "version": 7
}
