{
  "nodes": {
    "anthropic-skills": {
      "flake": false,
      "locked": {
        "lastModified": 1774196161,
        "narHash": "sha256-QAy9ulbKaK5QWiGiXYsxav+bMhhmqU8pCS7P0fWxLlk=",
        "owner": "anthropics",
        "repo": "skills",
        "rev": "887114fd09f8f24a7e6c907f9ee505348498ab6a",
        "type": "github"
      },
      "original": {
        "owner": "anthropics",
        "repo": "skills",
        "type": "github"
      }
    },
    "code-review-skill": {
      "flake": false,
      "locked": {
        "lastModified": 1772356400,
        "narHash": "sha256-maeyfHrPp4SFXp/xfvbL8/6MN6sSwjF0+5df6HS5aNs=",
        "owner": "awesome-skills",
        "repo": "code-review-skill",
        "rev": "f4a63c7b3299e62cc5ec054fd74e064eda1bb6df",
        "type": "github"
      },
      "original": {
        "owner": "awesome-skills",
        "repo": "code-review-skill",
        "type": "github"
      }
    },
    "nixpkgs": {
      "locked": {
        "lastModified": 1773840656,
        "narHash": "sha256-9tpvMGFteZnd3gRQZFlRCohVpqooygFuy9yjuyRL2C0=",
        "owner": "NixOS",
        "repo": "nixpkgs",
        "rev": "9cf7092bdd603554bd8b63c216e8943cf9b12512",
        "type": "github"
      },
      "original": {
        "owner": "NixOS",
        "ref": "nixpkgs-unstable",
        "repo": "nixpkgs",
        "type": "github"
      }
    },
    "root": {
      "inputs": {
        "anthropic-skills": "anthropic-skills",
        "code-review-skill": "code-review-skill",
        "nixpkgs": "nixpkgs",
        "smfh": "smfh"
      }
    },
    "rust-overlay": {
      "inputs": {
        "nixpkgs": [
          "smfh",
          "nixpkgs"
        ]
      },
      "locked": {
        "lastModified": 1773889863,
        "narHash": "sha256-tSsmZOHBgq4qfu5MNCAEsKZL1cI4avNLw2oUTXWeb74=",
        "owner": "oxalica",
        "repo": "rust-overlay",
        "rev": "dbfd51be2692cb7022e301d14c139accb4ee63f0",
        "type": "github"
      },
      "original": {
        "owner": "oxalica",
        "repo": "rust-overlay",
        "type": "github"
      }
    },
    "smfh": {
      "inputs": {
        "nixpkgs": [
          "nixpkgs"
        ],
        "rust-overlay": "rust-overlay",
        "systems": "systems"
      },
      "locked": {
        "lastModified": 1773962779,
        "narHash": "sha256-Zq9qtW10p2HjNlrcBajONXrdiQxhZWqCRs8LNyM1adA=",
        "owner": "feel-co",
        "repo": "smfh",
        "rev": "5a1081574ebd34c46d1abe4e9665331b3fcda6a2",
        "type": "github"
      },
      "original": {
        "owner": "feel-co",
        "repo": "smfh",
        "type": "github"
      }
    },
    "systems": {
      "locked": {
        "lastModified": 1681028828,
        "narHash": "sha256-Vy1rq5AaRuLzOxct8nz4T6wlgyUR7zLU309k9mBC768=",
        "owner": "nix-systems",
        "repo": "default",
        "rev": "da67096a3b9bf56a91d16901293e51ba5b49a27e",
        "type": "github"
      },
      "original": {
        "owner": "nix-systems",
        "repo": "default",
        "type": "github"
      }
    }
  },
  "root": "root",
  "version": 7
}
